
Microsoft Visual Studio Solution File, Format Version 12.00
# Visual Studio 15
VisualStudioVersion = 15.0.28307.168
MinimumVisualStudioVersion = 10.0.40219.1
Project("{FAE04EC0-301F-11D3-BF4B-00C04F79EFBC}") = "identityLesson", "identityLesson\identityLesson.csproj", "{32B9415A-6F32-4510-A5DD-2A4D5EE0D316}"
EndProject
Global
	GlobalSection(SolutionConfigurationPlatforms) = preSolution
		Debug|Any CPU = Debug|Any CPU
		Release|Any CPU = Release|Any CPU
	EndGlobalSection
	GlobalSection(ProjectConfigurationPlatforms) = postSolution
		{32B9415A-6F32-4510-A5DD-2A4D5EE0D316}.Debug|Any CPU.ActiveCfg = Debug|Any CPU
		{32B9415A-6F32-4510-A5DD-2A4D5EE0D316}.Debug|Any CPU.Build.0 = Debug|Any CPU
		{32B9415A-6F32-4510-A5DD-2A4D5EE0D316}.Release|Any CPU.ActiveCfg = Release|Any CPU
		{32B9415A-6F32-4510-A5DD-2A4D5EE0D316}.Release|Any CPU.Build.0 = Release|Any CPU
	EndGlobalSection
	GlobalSection(SolutionProperties) = preSolution
		HideSolutionNode = FALSE
	EndGlobalSection
	GlobalSection(ExtensibilityGlobals) = postSolution
		SolutionGuid = {F671F740-5BA1-43C0-A799-41C085A7A9BC}
	EndGlobalSection
EndGlobal
